
Microsoft Visual Studio Solution File, Format Version 12.00
# Visual Studio Version 16
VisualStudioVersion = 16.0.29503.13
MinimumVisualStudioVersion = 10.0.40219.1
Project("{FAE04EC0-301F-11D3-BF4B-00C04F79EFBC}") = "MineSweeper", "MineSweeper\MineSweeper.csproj", "{A259F094-1EBD-46E8-ADDF-E5151F2D7D4F}"
EndProject
Global
	GlobalSection(SolutionConfigurationPlatforms) = preSolution
		Debug|Any CPU = Debug|Any CPU
		Release|Any CPU = Release|Any CPU
	EndGlobalSection
	GlobalSection(ProjectConfigurationPlatforms) = postSolution
		{A259F094-1EBD-46E8-ADDF-E5151F2D7D4F}.Debug|Any CPU.ActiveCfg = Debug|Any CPU
		{A259F094-1EBD-46E8-ADDF-E5151F2D7D4F}.Debug|Any CPU.Build.0 = Debug|Any CPU
		{A259F094-1EBD-46E8-ADDF-E5151F2D7D4F}.Release|Any CPU.ActiveCfg = Release|Any CPU
		{A259F094-1EBD-46E8-ADDF-E5151F2D7D4F}.Release|Any CPU.Build.0 = Release|Any CPU
	EndGlobalSection
	GlobalSection(SolutionProperties) = preSolution
		HideSolutionNode = FALSE
	EndGlobalSection
	GlobalSection(ExtensibilityGlobals) = postSolution
		SolutionGuid = {20FE492B-1141-4EFB-BC24-907F43FB0ACE}
	EndGlobalSection
EndGlobal
